
Microsoft Visual Studio Solution File, Format Version 12.00
# Visual Studio Version 18
VisualStudioVersion = 18.2.11408.102
MinimumVisualStudioVersion = 10.0.40219.1
Project("{FAE04EC0-301F-11D3-BF4B-00C04F79EFBC}") = "Cannery.Curator.Client", "Canery.Curator.Client\Cannery.Curator.Client.csproj", "{10781F42-656C-227F-8A75-F5811BE4517F}"
EndProject
Project("{FAE04EC0-301F-11D3-BF4B-00C04F79EFBC}") = "Cannery.Curator.Client.Tests", "Canery.Curator.Client.Tests\Cannery.Curator.Client.Tests.csproj", "{88B3C8DD-E837-4A27-BA13-4FD6E6480D41}"
EndProject
Global
	GlobalSection(SolutionConfigurationPlatforms) = preSolution
		Debug|Any CPU = Debug|Any CPU
		Release|Any CPU = Release|Any CPU
	EndGlobalSection
	GlobalSection(ProjectConfigurationPlatforms) = postSolution
		{10781F42-656C-227F-8A75-F5811BE4517F}.Debug|Any CPU.ActiveCfg = Debug|Any CPU
		{10781F42-656C-227F-8A75-F5811BE4517F}.Debug|Any CPU.Build.0 = Debug|Any CPU
		{10781F42-656C-227F-8A75-F5811BE4517F}.Release|Any CPU.ActiveCfg = Release|Any CPU
		{10781F42-656C-227F-8A75-F5811BE4517F}.Release|Any CPU.Build.0 = Release|Any CPU
		{88B3C8DD-E837-4A27-BA13-4FD6E6480D41}.Debug|Any CPU.ActiveCfg = Debug|Any CPU
		{88B3C8DD-E837-4A27-BA13-4FD6E6480D41}.Debug|Any CPU.Build.0 = Debug|Any CPU
		{88B3C8DD-E837-4A27-BA13-4FD6E6480D41}.Release|Any CPU.ActiveCfg = Release|Any CPU
		{88B3C8DD-E837-4A27-BA13-4FD6E6480D41}.Release|Any CPU.Build.0 = Release|Any CPU
	EndGlobalSection
	GlobalSection(SolutionProperties) = preSolution
		HideSolutionNode = FALSE
	EndGlobalSection
	GlobalSection(ExtensibilityGlobals) = postSolution
		SolutionGuid = {394AC88B-6897-416E-B92F-1D370A044F06}
	EndGlobalSection
EndGlobal
